
Microsoft Visual Studio Solution File, Format Version 12.00
# Visual Studio Version 17
VisualStudioVersion = 17.7.34202.233
MinimumVisualStudioVersion = 10.0.40219.1
Project("{FAE04EC0-301F-11D3-BF4B-00C04F79EFBC}") = "StationeersXmlEditorV2", "StationeersXmlEditorV2\StationeersXmlEditorV2.csproj", "{901BD110-1D68-4A56-90AF-26451251C54C}"
EndProject
Project("{2150E333-8FDC-42A3-9474-1A3956D46DE8}") = "Solution Items", "Solution Items", "{C45236E7-4DC9-4786-896A-2885380F0F81}"
	ProjectSection(SolutionItems) = preProject
		.editorconfig = .editorconfig
	EndProjectSection
EndProject
Global
	GlobalSection(SolutionConfigurationPlatforms) = preSolution
		Debug|Any CPU = Debug|Any CPU
		Release|Any CPU = Release|Any CPU
	EndGlobalSection
	GlobalSection(ProjectConfigurationPlatforms) = postSolution
		{901BD110-1D68-4A56-90AF-26451251C54C}.Debug|Any CPU.ActiveCfg = Debug|Any CPU
		{901BD110-1D68-4A56-90AF-26451251C54C}.Debug|Any CPU.Build.0 = Debug|Any CPU
		{901BD110-1D68-4A56-90AF-26451251C54C}.Release|Any CPU.ActiveCfg = Release|Any CPU
		{901BD110-1D68-4A56-90AF-26451251C54C}.Release|Any CPU.Build.0 = Release|Any CPU
	EndGlobalSection
	GlobalSection(SolutionProperties) = preSolution
		HideSolutionNode = FALSE
	EndGlobalSection
	GlobalSection(ExtensibilityGlobals) = postSolution
		SolutionGuid = {8550A140-848E-4B45-924D-39FFDCD259A6}
	EndGlobalSection
EndGlobal
